{
  "name": "NAN",
  "version": "1.0.0",
  "lockfileVersion": 1,
  "requires": true,
  "dependencies": {
    "binding": {
      "version": "3.0.3",
      "resolved": "https://registry.npmjs.org/binding/-/binding-3.0.3.tgz",
      "integrity": "sha1-Zc06XJkhArlGzcHj0EIo6gf4Rm0="
    },
    "nan": {
      "version": "2.14.0",
      "resolved": "https://registry.npmjs.org/nan/-/nan-2.14.0.tgz",
      "integrity": "sha512-INOFj37C7k3AfaNTtX8RhsTw7qRy7eLET14cROi9+5HAVbbHuIWUHEauBv5qT4Av2tWasiTY1Jw6puUNqRJXQg=="
    }
  }
}
